
Microsoft Visual Studio Solution File, Format Version 12.00
# Visual Studio Version 17
VisualStudioVersion = 17.4.33103.184
MinimumVisualStudioVersion = 10.0.40219.1
Project("{9A19103F-16F7-4668-BE54-9A1E7A4F7556}") = "EdjCase.Cryptography.BLS", "EdjCase.Cryptography.BLS.csproj", "{DCA1BD83-1137-42C0-97BF-2610A9DC12F1}"
EndProject
Global
	GlobalSection(SolutionConfigurationPlatforms) = preSolution
		Debug|Any CPU = Debug|Any CPU
		Release|Any CPU = Release|Any CPU
	EndGlobalSection
	GlobalSection(ProjectConfigurationPlatforms) = postSolution
		{DCA1BD83-1137-42C0-97BF-2610A9DC12F1}.Debug|Any CPU.ActiveCfg = Debug|Any CPU
		{DCA1BD83-1137-42C0-97BF-2610A9DC12F1}.Debug|Any CPU.Build.0 = Debug|Any CPU
		{DCA1BD83-1137-42C0-97BF-2610A9DC12F1}.Release|Any CPU.ActiveCfg = Release|Any CPU
		{DCA1BD83-1137-42C0-97BF-2610A9DC12F1}.Release|Any CPU.Build.0 = Release|Any CPU
	EndGlobalSection
	GlobalSection(SolutionProperties) = preSolution
		HideSolutionNode = FALSE
	EndGlobalSection
	GlobalSection(ExtensibilityGlobals) = postSolution
		SolutionGuid = {B0F4DD25-908E-4C9C-9A29-0EE89E36EB75}
	EndGlobalSection
EndGlobal
